
Microsoft Visual Studio Solution File, Format Version 12.00
# Visual Studio 15
VisualStudioVersion = 15.0.28307.489
MinimumVisualStudioVersion = 10.0.40219.1
Project("{FAE04EC0-301F-11D3-BF4B-00C04F79EFBC}") = "Barbeda", "Barbeda\Barbeda.csproj", "{D682DA84-0D7E-4527-846D-748D88805393}"
EndProject
Global
	GlobalSection(SolutionConfigurationPlatforms) = preSolution
		Debug|Any CPU = Debug|Any CPU
		Release|Any CPU = Release|Any CPU
	EndGlobalSection
	GlobalSection(ProjectConfigurationPlatforms) = postSolution
		{D682DA84-0D7E-4527-846D-748D88805393}.Debug|Any CPU.ActiveCfg = Debug|Any CPU
		{D682DA84-0D7E-4527-846D-748D88805393}.Debug|Any CPU.Build.0 = Debug|Any CPU
		{D682DA84-0D7E-4527-846D-748D88805393}.Release|Any CPU.ActiveCfg = Release|Any CPU
		{D682DA84-0D7E-4527-846D-748D88805393}.Release|Any CPU.Build.0 = Release|Any CPU
	EndGlobalSection
	GlobalSection(SolutionProperties) = preSolution
		HideSolutionNode = FALSE
	EndGlobalSection
	GlobalSection(ExtensibilityGlobals) = postSolution
		SolutionGuid = {C49CAE1E-E792-485E-A98C-CD2176A4D753}
	EndGlobalSection
EndGlobal
